
Microsoft Visual Studio Solution File, Format Version 12.00
# Visual Studio Version 17
VisualStudioVersion = 17.9.34622.214
MinimumVisualStudioVersion = 10.0.40219.1
Project("{FAE04EC0-301F-11D3-BF4B-00C04F79EFBC}") = "BulkyBookWeb", "BulkyBookWeb\BulkyBookWeb.csproj", "{A5E49F88-D5EA-421B-B1A4-72687F4BDCBC}"
EndProject
Global
	GlobalSection(SolutionConfigurationPlatforms) = preSolution
		Debug|Any CPU = Debug|Any CPU
		Release|Any CPU = Release|Any CPU
	EndGlobalSection
	GlobalSection(ProjectConfigurationPlatforms) = postSolution
		{A5E49F88-D5EA-421B-B1A4-72687F4BDCBC}.Debug|Any CPU.ActiveCfg = Debug|Any CPU
		{A5E49F88-D5EA-421B-B1A4-72687F4BDCBC}.Debug|Any CPU.Build.0 = Debug|Any CPU
		{A5E49F88-D5EA-421B-B1A4-72687F4BDCBC}.Release|Any CPU.ActiveCfg = Release|Any CPU
		{A5E49F88-D5EA-421B-B1A4-72687F4BDCBC}.Release|Any CPU.Build.0 = Release|Any CPU
	EndGlobalSection
	GlobalSection(SolutionProperties) = preSolution
		HideSolutionNode = FALSE
	EndGlobalSection
	GlobalSection(ExtensibilityGlobals) = postSolution
		SolutionGuid = {4D5CE7DF-599D-4E83-A1EA-95BA14BB5E36}
	EndGlobalSection
EndGlobal
